
Microsoft Visual Studio Solution File, Format Version 12.00
# Visual Studio Version 17
VisualStudioVersion = 17.9.34728.123
MinimumVisualStudioVersion = 10.0.40219.1
Project("{FAE04EC0-301F-11D3-BF4B-00C04F79EFBC}") = "Boiler", "Boiler\Boiler.csproj", "{A61FDC36-47E3-44BB-864A-3D9B9D962CC1}"
EndProject
Global
	GlobalSection(SolutionConfigurationPlatforms) = preSolution
		Debug|Any CPU = Debug|Any CPU
		Release|Any CPU = Release|Any CPU
	EndGlobalSection
	GlobalSection(ProjectConfigurationPlatforms) = postSolution
		{A61FDC36-47E3-44BB-864A-3D9B9D962CC1}.Debug|Any CPU.ActiveCfg = Debug|Any CPU
		{A61FDC36-47E3-44BB-864A-3D9B9D962CC1}.Debug|Any CPU.Build.0 = Debug|Any CPU
		{A61FDC36-47E3-44BB-864A-3D9B9D962CC1}.Release|Any CPU.ActiveCfg = Release|Any CPU
		{A61FDC36-47E3-44BB-864A-3D9B9D962CC1}.Release|Any CPU.Build.0 = Release|Any CPU
	EndGlobalSection
	GlobalSection(SolutionProperties) = preSolution
		HideSolutionNode = FALSE
	EndGlobalSection
	GlobalSection(ExtensibilityGlobals) = postSolution
		SolutionGuid = {377C66D8-EBED-463C-BB36-1736AE69FA9C}
	EndGlobalSection
EndGlobal
